# This file is autogenerated, do not edit; changes may be undone by the next 'dep ensure'.


[[projects]]
  branch = "master"
  name = "github.com/fvbock/trie"
  packages = ["."]
  revision = "1d40233c66bdef97a7d978cbe799531a6acf1ea6"

[[projects]]
  name = "gopkg.in/redis.v5"
  packages = [
    ".",
    "internal",
    "internal/consistenthash",
    "internal/hashtag",
    "internal/pool",
    "internal/proto"
  ]
  revision = "a16aeec10ff407b1e7be6dd35797ccf5426ef0f0"
  version = "v5.2.9"

[solve-meta]
  analyzer-name = "dep"
  analyzer-version = 1
  inputs-digest = "8734f819bdec3a8a45435318142db92eeabfef41ee06608e731e7bdb59bb242d"
  solver-name = "gps-cdcl"
  solver-version = 1
